<?xml version="1.0" encoding="utf-8"?>
<Project ToolsVersion="4.0" xmlns="http://schemas.microsoft.com/developer/msbuild/2003">
  <ItemGroup>
    <Filter Include="Pliki źródłowe">
      <UniqueIdentifier>{4FC737F1-C7A5-4376-A066-2A32D752A2FF}</UniqueIdentifier>
      <Extensions>cpp;c;cc;cxx;c++;cppm;ixx;def;odl;idl;hpj;bat;asm;asmx</Extensions>
    </Filter>
    <Filter Include="Pliki nagłówkowe">
      <UniqueIdentifier>{93995380-89BD-4b04-88EB-625FBE52EBFB}</UniqueIdentifier>
      <Extensions>h;hh;hpp;hxx;h++;hm;inl;inc;ipp;xsd</Extensions>
    </Filter>
    <Filter Include="Pliki zasobów">
      <UniqueIdentifier>{67DA6AB6-F800-4c08-8B7A-83BB121AAD01}</UniqueIdentifier>
      <Extensions>rc;ico;cur;bmp;dlg;rc2;rct;bin;rgs;gif;jpg;jpeg;jpe;resx;tiff;tif;png;wav;mfcribbon-ms</Extensions>
    </Filter>
  </ItemGroup>
  <ItemGroup>
    <ClCompile Include="StartScreen.cpp">
      <Filter>Pliki źródłowe</Filter>
    </ClCompile>
    <ClCompile Include="Movie.cpp">
      <Filter>Pliki źródłowe</Filter>
    </ClCompile>
    <ClCompile Include="LoginForm.cpp">
      <Filter>Pliki źródłowe</Filter>
    </ClCompile>
    <ClCompile Include="RegisterForm.cpp">
      <Filter>Pliki źródłowe</Filter>
    </ClCompile>
    <ClCompile Include="PickDateForm.cpp">
      <Filter>Pliki źródłowe</Filter>
    </ClCompile>
    <ClCompile Include="PickShow.cpp">
      <Filter>Pliki źródłowe</Filter>
    </ClCompile>
    <ClCompile Include="PickSeat.cpp">
      <Filter>Pliki źródłowe</Filter>
    </ClCompile>
    <ClCompile Include="LoginQ.cpp">
      <Filter>Pliki źródłowe</Filter>
    </ClCompile>
    <ClCompile Include="PaymentForm.cpp">
      <Filter>Pliki źródłowe</Filter>
    </ClCompile>
    <ClCompile Include="FinalForm.cpp">
      <Filter>Pliki źródłowe</Filter>
    </ClCompile>
    <ClCompile Include="LoggedScreen.cpp">
      <Filter>Pliki źródłowe</Filter>
    </ClCompile>
    <ClCompile Include="MyTickets.cpp">
      <Filter>Pliki źródłowe</Filter>
    </ClCompile>
    <ClCompile Include="AdminScreen.cpp">
      <Filter>Pliki źródłowe</Filter>
    </ClCompile>
    <ClCompile Include="AdminMovies.cpp">
      <Filter>Pliki źródłowe</Filter>
    </ClCompile>
    <ClCompile Include="AdminShows.cpp">
      <Filter>Pliki źródłowe</Filter>
    </ClCompile>
    <ClCompile Include="AdminRooms.cpp">
      <Filter>Pliki źródłowe</Filter>
    </ClCompile>
    <ClCompile Include="EditMovie.cpp">
      <Filter>Pliki źródłowe</Filter>
    </ClCompile>
    <ClCompile Include="EditShow.cpp">
      <Filter>Pliki źródłowe</Filter>
    </ClCompile>
    <ClCompile Include="EditRoom.cpp">
      <Filter>Pliki źródłowe</Filter>
    </ClCompile>
  </ItemGroup>
  <ItemGroup>
    <ClInclude Include="StartScreen.h">
      <Filter>Pliki źródłowe</Filter>
    </ClInclude>
    <ClInclude Include="Movie.h">
      <Filter>Pliki źródłowe</Filter>
    </ClInclude>
    <ClInclude Include="LoginForm.h">
      <Filter>Pliki źródłowe</Filter>
    </ClInclude>
    <ClInclude Include="User.h">
      <Filter>Pliki źródłowe</Filter>
    </ClInclude>
    <ClInclude Include="RegisterForm.h">
      <Filter>Pliki źródłowe</Filter>
    </ClInclude>
    <ClInclude Include="PickDateForm.h">
      <Filter>Pliki źródłowe</Filter>
    </ClInclude>
    <ClInclude Include="PickShow.h">
      <Filter>Pliki źródłowe</Filter>
    </ClInclude>
    <ClInclude Include="PickSeat.h">
      <Filter>Pliki źródłowe</Filter>
    </ClInclude>
    <ClInclude Include="LoginQ.h">
      <Filter>Pliki źródłowe</Filter>
    </ClInclude>
    <ClInclude Include="PaymentForm.h">
      <Filter>Pliki źródłowe</Filter>
    </ClInclude>
    <ClInclude Include="FinalForm.h">
      <Filter>Pliki źródłowe</Filter>
    </ClInclude>
    <ClInclude Include="DB.h">
      <Filter>Pliki źródłowe</Filter>
    </ClInclude>
    <ClInclude Include="LoggedScreen.h">
      <Filter>Pliki źródłowe</Filter>
    </ClInclude>
    <ClInclude Include="MyTickets.h">
      <Filter>Pliki źródłowe</Filter>
    </ClInclude>
    <ClInclude Include="AdminScreen.h">
      <Filter>Pliki źródłowe</Filter>
    </ClInclude>
    <ClInclude Include="AdminMovies.h">
      <Filter>Pliki źródłowe</Filter>
    </ClInclude>
    <ClInclude Include="AdminShows.h">
      <Filter>Pliki źródłowe</Filter>
    </ClInclude>
    <ClInclude Include="AdminRooms.h">
      <Filter>Pliki źródłowe</Filter>
    </ClInclude>
    <ClInclude Include="EditMovie.h">
      <Filter>Pliki źródłowe</Filter>
    </ClInclude>
    <ClInclude Include="EditShow.h">
      <Filter>Pliki źródłowe</Filter>
    </ClInclude>
    <ClInclude Include="EditRoom.h">
      <Filter>Pliki źródłowe</Filter>
    </ClInclude>
  </ItemGroup>
</Project>